
Microsoft Visual Studio Solution File, Format Version 12.00
# Visual Studio 15
VisualStudioVersion = 15.0.28307.271
MinimumVisualStudioVersion = 10.0.40219.1
Project("{FAE04EC0-301F-11D3-BF4B-00C04F79EFBC}") = "Podbase.APP", "Podbase.APP\Podbase.APP.csproj", "{1C168891-461B-4E65-9532-64A2ED767A46}"
EndProject
Project("{9A19103F-16F7-4668-BE54-9A1E7A4F7556}") = "Podbase.APP.Core", "Podbase.APP.Core\Podbase.APP.Core.csproj", "{0994A928-5B0A-4B6C-A235-FC815AF889BA}"
EndProject
Project("{9A19103F-16F7-4668-BE54-9A1E7A4F7556}") = "Podbase.DataAccess", "Podbase.DataAccess\Podbase.DataAccess.csproj", "{628B9ADA-13EB-4350-830E-AC1011A0AFBA}"
EndProject
Project("{9A19103F-16F7-4668-BE54-9A1E7A4F7556}") = "Podbase.MaintainDatabase.ConsoleApp", "Podbase.MaintainDatabase.ConsoleApp\Podbase.MaintainDatabase.ConsoleApp.csproj", "{5B40C2C3-3390-4FE9-B6C8-F4D1645D2212}"
EndProject
Project("{9A19103F-16F7-4668-BE54-9A1E7A4F7556}") = "Podbase.Model", "Podbase.Model\Podbase.Model.csproj", "{94442A40-ACA7-4E9F-9942-E6FAD3A25B34}"
EndProject
Project("{9A19103F-16F7-4668-BE54-9A1E7A4F7556}") = "Podbase.API", "Podbase.API\Podbase.API.csproj", "{E43A2107-13A2-4697-8BC7-0799CA5B2F5F}"
EndProject
Global
	GlobalSection(SolutionConfigurationPlatforms) = preSolution
		Debug|Any CPU = Debug|Any CPU
		Debug|ARM = Debug|ARM
		Debug|x64 = Debug|x64
		Debug|x86 = Debug|x86
		Release|Any CPU = Release|Any CPU
		Release|ARM = Release|ARM
		Release|x64 = Release|x64
		Release|x86 = Release|x86
	EndGlobalSection
	GlobalSection(ProjectConfigurationPlatforms) = postSolution
		{1C168891-461B-4E65-9532-64A2ED767A46}.Debug|Any CPU.ActiveCfg = Debug|x86
		{1C168891-461B-4E65-9532-64A2ED767A46}.Debug|Any CPU.Deploy.0 = Debug|x86
		{1C168891-461B-4E65-9532-64A2ED767A46}.Debug|ARM.ActiveCfg = Debug|ARM
		{1C168891-461B-4E65-9532-64A2ED767A46}.Debug|ARM.Build.0 = Debug|ARM
		{1C168891-461B-4E65-9532-64A2ED767A46}.Debug|ARM.Deploy.0 = Debug|ARM
		{1C168891-461B-4E65-9532-64A2ED767A46}.Debug|x64.ActiveCfg = Debug|x64
		{1C168891-461B-4E65-9532-64A2ED767A46}.Debug|x64.Build.0 = Debug|x64
		{1C168891-461B-4E65-9532-64A2ED767A46}.Debug|x64.Deploy.0 = Debug|x64
		{1C168891-461B-4E65-9532-64A2ED767A46}.Debug|x86.ActiveCfg = Debug|x86
		{1C168891-461B-4E65-9532-64A2ED767A46}.Debug|x86.Build.0 = Debug|x86
		{1C168891-461B-4E65-9532-64A2ED767A46}.Debug|x86.Deploy.0 = Debug|x86
		{1C168891-461B-4E65-9532-64A2ED767A46}.Release|Any CPU.ActiveCfg = Release|x86
		{1C168891-461B-4E65-9532-64A2ED767A46}.Release|ARM.ActiveCfg = Release|ARM
		{1C168891-461B-4E65-9532-64A2ED767A46}.Release|ARM.Build.0 = Release|ARM
		{1C168891-461B-4E65-9532-64A2ED767A46}.Release|ARM.Deploy.0 = Release|ARM
		{1C168891-461B-4E65-9532-64A2ED767A46}.Release|x64.ActiveCfg = Release|x64
		{1C168891-461B-4E65-9532-64A2ED767A46}.Release|x64.Build.0 = Release|x64
		{1C168891-461B-4E65-9532-64A2ED767A46}.Release|x64.Deploy.0 = Release|x64
		{1C168891-461B-4E65-9532-64A2ED767A46}.Release|x86.ActiveCfg = Release|x86
		{1C168891-461B-4E65-9532-64A2ED767A46}.Release|x86.Build.0 = Release|x86
		{1C168891-461B-4E65-9532-64A2ED767A46}.Release|x86.Deploy.0 = Release|x86
		{0994A928-5B0A-4B6C-A235-FC815AF889BA}.Debug|Any CPU.ActiveCfg = Debug|Any CPU
		{0994A928-5B0A-4B6C-A235-FC815AF889BA}.Debug|Any CPU.Build.0 = Debug|Any CPU
		{0994A928-5B0A-4B6C-A235-FC815AF889BA}.Debug|ARM.ActiveCfg = Debug|Any CPU
		{0994A928-5B0A-4B6C-A235-FC815AF889BA}.Debug|ARM.Build.0 = Debug|Any CPU
		{0994A928-5B0A-4B6C-A235-FC815AF889BA}.Debug|x64.ActiveCfg = Debug|Any CPU
		{0994A928-5B0A-4B6C-A235-FC815AF889BA}.Debug|x64.Build.0 = Debug|Any CPU
		{0994A928-5B0A-4B6C-A235-FC815AF889BA}.Debug|x86.ActiveCfg = Debug|Any CPU
		{0994A928-5B0A-4B6C-A235-FC815AF889BA}.Debug|x86.Build.0 = Debug|Any CPU
		{0994A928-5B0A-4B6C-A235-FC815AF889BA}.Release|Any CPU.ActiveCfg = Release|Any CPU
		{0994A928-5B0A-4B6C-A235-FC815AF889BA}.Release|Any CPU.Build.0 = Release|Any CPU
		{0994A928-5B0A-4B6C-A235-FC815AF889BA}.Release|ARM.ActiveCfg = Release|Any CPU
		{0994A928-5B0A-4B6C-A235-FC815AF889BA}.Release|ARM.Build.0 = Release|Any CPU
		{0994A928-5B0A-4B6C-A235-FC815AF889BA}.Release|x64.ActiveCfg = Release|Any CPU
		{0994A928-5B0A-4B6C-A235-FC815AF889BA}.Release|x64.Build.0 = Release|Any CPU
		{0994A928-5B0A-4B6C-A235-FC815AF889BA}.Release|x86.ActiveCfg = Release|Any CPU
		{0994A928-5B0A-4B6C-A235-FC815AF889BA}.Release|x86.Build.0 = Release|Any CPU
		{628B9ADA-13EB-4350-830E-AC1011A0AFBA}.Debug|Any CPU.ActiveCfg = Debug|Any CPU
		{628B9ADA-13EB-4350-830E-AC1011A0AFBA}.Debug|Any CPU.Build.0 = Debug|Any CPU
		{628B9ADA-13EB-4350-830E-AC1011A0AFBA}.Debug|ARM.ActiveCfg = Debug|Any CPU
		{628B9ADA-13EB-4350-830E-AC1011A0AFBA}.Debug|ARM.Build.0 = Debug|Any CPU
		{628B9ADA-13EB-4350-830E-AC1011A0AFBA}.Debug|x64.ActiveCfg = Debug|Any CPU
		{628B9ADA-13EB-4350-830E-AC1011A0AFBA}.Debug|x64.Build.0 = Debug|Any CPU
		{628B9ADA-13EB-4350-830E-AC1011A0AFBA}.Debug|x86.ActiveCfg = Debug|Any CPU
		{628B9ADA-13EB-4350-830E-AC1011A0AFBA}.Debug|x86.Build.0 = Debug|Any CPU
		{628B9ADA-13EB-4350-830E-AC1011A0AFBA}.Release|Any CPU.ActiveCfg = Release|Any CPU
		{628B9ADA-13EB-4350-830E-AC1011A0AFBA}.Release|Any CPU.Build.0 = Release|Any CPU
		{628B9ADA-13EB-4350-830E-AC1011A0AFBA}.Release|ARM.ActiveCfg = Release|Any CPU
		{628B9ADA-13EB-4350-830E-AC1011A0AFBA}.Release|ARM.Build.0 = Release|Any CPU
		{628B9ADA-13EB-4350-830E-AC1011A0AFBA}.Release|x64.ActiveCfg = Release|Any CPU
		{628B9ADA-13EB-4350-830E-AC1011A0AFBA}.Release|x64.Build.0 = Release|Any CPU
		{628B9ADA-13EB-4350-830E-AC1011A0AFBA}.Release|x86.ActiveCfg = Release|Any CPU
		{628B9ADA-13EB-4350-830E-AC1011A0AFBA}.Release|x86.Build.0 = Release|Any CPU
		{5B40C2C3-3390-4FE9-B6C8-F4D1645D2212}.Debug|Any CPU.ActiveCfg = Debug|Any CPU
		{5B40C2C3-3390-4FE9-B6C8-F4D1645D2212}.Debug|Any CPU.Build.0 = Debug|Any CPU
		{5B40C2C3-3390-4FE9-B6C8-F4D1645D2212}.Debug|ARM.ActiveCfg = Debug|Any CPU
		{5B40C2C3-3390-4FE9-B6C8-F4D1645D2212}.Debug|ARM.Build.0 = Debug|Any CPU
		{5B40C2C3-3390-4FE9-B6C8-F4D1645D2212}.Debug|x64.ActiveCfg = Debug|Any CPU
		{5B40C2C3-3390-4FE9-B6C8-F4D1645D2212}.Debug|x64.Build.0 = Debug|Any CPU
		{5B40C2C3-3390-4FE9-B6C8-F4D1645D2212}.Debug|x86.ActiveCfg = Debug|Any CPU
		{5B40C2C3-3390-4FE9-B6C8-F4D1645D2212}.Debug|x86.Build.0 = Debug|Any CPU
		{5B40C2C3-3390-4FE9-B6C8-F4D1645D2212}.Release|Any CPU.ActiveCfg = Release|Any CPU
		{5B40C2C3-3390-4FE9-B6C8-F4D1645D2212}.Release|Any CPU.Build.0 = Release|Any CPU
		{5B40C2C3-3390-4FE9-B6C8-F4D1645D2212}.Release|ARM.ActiveCfg = Release|Any CPU
		{5B40C2C3-3390-4FE9-B6C8-F4D1645D2212}.Release|ARM.Build.0 = Release|Any CPU
		{5B40C2C3-3390-4FE9-B6C8-F4D1645D2212}.Release|x64.ActiveCfg = Release|Any CPU
		{5B40C2C3-3390-4FE9-B6C8-F4D1645D2212}.Release|x64.Build.0 = Release|Any CPU
		{5B40C2C3-3390-4FE9-B6C8-F4D1645D2212}.Release|x86.ActiveCfg = Release|Any CPU
		{5B40C2C3-3390-4FE9-B6C8-F4D1645D2212}.Release|x86.Build.0 = Release|Any CPU
		{94442A40-ACA7-4E9F-9942-E6FAD3A25B34}.Debug|Any CPU.ActiveCfg = Debug|Any CPU
		{94442A40-ACA7-4E9F-9942-E6FAD3A25B34}.Debug|Any CPU.Build.0 = Debug|Any CPU
		{94442A40-ACA7-4E9F-9942-E6FAD3A25B34}.Debug|ARM.ActiveCfg = Debug|Any CPU
		{94442A40-ACA7-4E9F-9942-E6FAD3A25B34}.Debug|ARM.Build.0 = Debug|Any CPU
		{94442A40-ACA7-4E9F-9942-E6FAD3A25B34}.Debug|x64.ActiveCfg = Debug|Any CPU
		{94442A40-ACA7-4E9F-9942-E6FAD3A25B34}.Debug|x64.Build.0 = Debug|Any CPU
		{94442A40-ACA7-4E9F-9942-E6FAD3A25B34}.Debug|x86.ActiveCfg = Debug|Any CPU
		{94442A40-ACA7-4E9F-9942-E6FAD3A25B34}.Debug|x86.Build.0 = Debug|Any CPU
		{94442A40-ACA7-4E9F-9942-E6FAD3A25B34}.Release|Any CPU.ActiveCfg = Release|Any CPU
		{94442A40-ACA7-4E9F-9942-E6FAD3A25B34}.Release|Any CPU.Build.0 = Release|Any CPU
		{94442A40-ACA7-4E9F-9942-E6FAD3A25B34}.Release|ARM.ActiveCfg = Release|Any CPU
		{94442A40-ACA7-4E9F-9942-E6FAD3A25B34}.Release|ARM.Build.0 = Release|Any CPU
		{94442A40-ACA7-4E9F-9942-E6FAD3A25B34}.Release|x64.ActiveCfg = Release|Any CPU
		{94442A40-ACA7-4E9F-9942-E6FAD3A25B34}.Release|x64.Build.0 = Release|Any CPU
		{94442A40-ACA7-4E9F-9942-E6FAD3A25B34}.Release|x86.ActiveCfg = Release|Any CPU
		{94442A40-ACA7-4E9F-9942-E6FAD3A25B34}.Release|x86.Build.0 = Release|Any CPU
		{E43A2107-13A2-4697-8BC7-0799CA5B2F5F}.Debug|Any CPU.ActiveCfg = Debug|Any CPU
		{E43A2107-13A2-4697-8BC7-0799CA5B2F5F}.Debug|Any CPU.Build.0 = Debug|Any CPU
		{E43A2107-13A2-4697-8BC7-0799CA5B2F5F}.Debug|ARM.ActiveCfg = Debug|Any CPU
		{E43A2107-13A2-4697-8BC7-0799CA5B2F5F}.Debug|ARM.Build.0 = Debug|Any CPU
		{E43A2107-13A2-4697-8BC7-0799CA5B2F5F}.Debug|x64.ActiveCfg = Debug|Any CPU
		{E43A2107-13A2-4697-8BC7-0799CA5B2F5F}.Debug|x64.Build.0 = Debug|Any CPU
		{E43A2107-13A2-4697-8BC7-0799CA5B2F5F}.Debug|x86.ActiveCfg = Debug|Any CPU
		{E43A2107-13A2-4697-8BC7-0799CA5B2F5F}.Debug|x86.Build.0 = Debug|Any CPU
		{E43A2107-13A2-4697-8BC7-0799CA5B2F5F}.Release|Any CPU.ActiveCfg = Release|Any CPU
		{E43A2107-13A2-4697-8BC7-0799CA5B2F5F}.Release|Any CPU.Build.0 = Release|Any CPU
		{E43A2107-13A2-4697-8BC7-0799CA5B2F5F}.Release|ARM.ActiveCfg = Release|Any CPU
		{E43A2107-13A2-4697-8BC7-0799CA5B2F5F}.Release|ARM.Build.0 = Release|Any CPU
		{E43A2107-13A2-4697-8BC7-0799CA5B2F5F}.Release|x64.ActiveCfg = Release|Any CPU
		{E43A2107-13A2-4697-8BC7-0799CA5B2F5F}.Release|x64.Build.0 = Release|Any CPU
		{E43A2107-13A2-4697-8BC7-0799CA5B2F5F}.Release|x86.ActiveCfg = Release|Any CPU
		{E43A2107-13A2-4697-8BC7-0799CA5B2F5F}.Release|x86.Build.0 = Release|Any CPU
	EndGlobalSection
	GlobalSection(SolutionProperties) = preSolution
		HideSolutionNode = FALSE
	EndGlobalSection
	GlobalSection(ExtensibilityGlobals) = postSolution
		SolutionGuid = {BDCBB148-4152-4355-8EA0-0337483AB39B}
	EndGlobalSection
EndGlobal
